
Microsoft Visual Studio Solution File, Format Version 12.00
# Visual Studio Version 17
VisualStudioVersion = 17.10.35013.160
MinimumVisualStudioVersion = 10.0.40219.1
Project("{9A19103F-16F7-4668-BE54-9A1E7A4F7556}") = "Biblioteca.API", "Biblioteca.API\Biblioteca.API.csproj", "{5556C807-7CBA-417F-9E25-8C978000B3E3}"
EndProject
Project("{9A19103F-16F7-4668-BE54-9A1E7A4F7556}") = "Biblioteca.Core", "Biblioteca.Core\Biblioteca.Core.csproj", "{6FC40857-B674-4162-96E3-ED01D9EAFE97}"
EndProject
Project("{9A19103F-16F7-4668-BE54-9A1E7A4F7556}") = "Biblioteca.Infrastructure", "Biblioteca.Infrastructure\Biblioteca.Infrastructure.csproj", "{6D3F0EC2-46DD-4825-9776-2951FF77E79F}"
EndProject
Project("{9A19103F-16F7-4668-BE54-9A1E7A4F7556}") = "Biblioteca.Application", "Biblioteca.Application\Biblioteca.Application.csproj", "{4EEFB1FD-E8B3-4BDB-B1A6-5E593C9EA559}"
EndProject
Global
	GlobalSection(SolutionConfigurationPlatforms) = preSolution
		Debug|Any CPU = Debug|Any CPU
		Release|Any CPU = Release|Any CPU
	EndGlobalSection
	GlobalSection(ProjectConfigurationPlatforms) = postSolution
		{5556C807-7CBA-417F-9E25-8C978000B3E3}.Debug|Any CPU.ActiveCfg = Debug|Any CPU
		{5556C807-7CBA-417F-9E25-8C978000B3E3}.Debug|Any CPU.Build.0 = Debug|Any CPU
		{5556C807-7CBA-417F-9E25-8C978000B3E3}.Release|Any CPU.ActiveCfg = Release|Any CPU
		{5556C807-7CBA-417F-9E25-8C978000B3E3}.Release|Any CPU.Build.0 = Release|Any CPU
		{6FC40857-B674-4162-96E3-ED01D9EAFE97}.Debug|Any CPU.ActiveCfg = Debug|Any CPU
		{6FC40857-B674-4162-96E3-ED01D9EAFE97}.Debug|Any CPU.Build.0 = Debug|Any CPU
		{6FC40857-B674-4162-96E3-ED01D9EAFE97}.Release|Any CPU.ActiveCfg = Release|Any CPU
		{6FC40857-B674-4162-96E3-ED01D9EAFE97}.Release|Any CPU.Build.0 = Release|Any CPU
		{6D3F0EC2-46DD-4825-9776-2951FF77E79F}.Debug|Any CPU.ActiveCfg = Debug|Any CPU
		{6D3F0EC2-46DD-4825-9776-2951FF77E79F}.Debug|Any CPU.Build.0 = Debug|Any CPU
		{6D3F0EC2-46DD-4825-9776-2951FF77E79F}.Release|Any CPU.ActiveCfg = Release|Any CPU
		{6D3F0EC2-46DD-4825-9776-2951FF77E79F}.Release|Any CPU.Build.0 = Release|Any CPU
		{4EEFB1FD-E8B3-4BDB-B1A6-5E593C9EA559}.Debug|Any CPU.ActiveCfg = Debug|Any CPU
		{4EEFB1FD-E8B3-4BDB-B1A6-5E593C9EA559}.Debug|Any CPU.Build.0 = Debug|Any CPU
		{4EEFB1FD-E8B3-4BDB-B1A6-5E593C9EA559}.Release|Any CPU.ActiveCfg = Release|Any CPU
		{4EEFB1FD-E8B3-4BDB-B1A6-5E593C9EA559}.Release|Any CPU.Build.0 = Release|Any CPU
	EndGlobalSection
	GlobalSection(SolutionProperties) = preSolution
		HideSolutionNode = FALSE
	EndGlobalSection
	GlobalSection(ExtensibilityGlobals) = postSolution
		SolutionGuid = {5CFBF2FE-E59E-4D3C-AF80-B02901C33992}
	EndGlobalSection
EndGlobal
